// !$*UTF8*$!
{
	archiveVersion = 1;
	classes = {
	};
	objectVersion = 46;
	objects = {

/* Begin PBXBuildFile section */
		88D422171DF1878400BE0D0D /* AppDelegate.swift in Sources */ = {isa = PBXBuildFile; fileRef = 88D422161DF1878400BE0D0D /* AppDelegate.swift */; };
		88D422191DF1878400BE0D0D /* ViewController.swift in Sources */ = {isa = PBXBuildFile; fileRef = 88D422181DF1878400BE0D0D /* ViewController.swift */; };
		88D4221C1DF1878400BE0D0D /* Main.storyboard in Resources */ = {isa = PBXBuildFile; fileRef = 88D4221A1DF1878400BE0D0D /* Main.storyboard */; };
		88D4221E1DF1878400BE0D0D /* Assets.xcassets in Resources */ = {isa = PBXBuildFile; fileRef = 88D4221D1DF1878400BE0D0D /* Assets.xcassets */; };
		88D422211DF1878400BE0D0D /* LaunchScreen.storyboard in Resources */ = {isa = PBXBuildFile; fileRef = 88D4221F1DF1878400BE0D0D /* LaunchScreen.storyboard */; };
		88D4222C1DF1878400BE0D0D /* ____TVTests.swift in Sources */ = {isa = PBXBuildFile; fileRef = 88D4222B1DF1878400BE0D0D /* ____TVTests.swift */; };
		88D422371DF1878400BE0D0D /* ____TVUITests.swift in Sources */ = {isa = PBXBuildFile; fileRef = 88D422361DF1878400BE0D0D /* ____TVUITests.swift */; };
/* End PBXBuildFile section */

/* Begin PBXContainerItemProxy section */
		88D422281DF1878400BE0D0D /* PBXContainerItemProxy */ = {
			isa = PBXContainerItemProxy;
			containerPortal = 88D4220B1DF1878300BE0D0D /* Project object */;
			proxyType = 1;
			remoteGlobalIDString = 88D422121DF1878300BE0D0D;
			remoteInfo = "高仿斗鱼TV";
		};
		88D422331DF1878400BE0D0D /* PBXContainerItemProxy */ = {
			isa = PBXContainerItemProxy;
			containerPortal = 88D4220B1DF1878300BE0D0D /* Project object */;
			proxyType = 1;
			remoteGlobalIDString = 88D422121DF1878300BE0D0D;
			remoteInfo = "高仿斗鱼TV";
		};
/* End PBXContainerItemProxy section */

/* Begin PBXFileReference section */
		88D422131DF1878400BE0D0D /* 高仿斗鱼TV.app */ = {isa = PBXFileReference; explicitFileType = wrapper.application; includeInIndex = 0; path = "高仿斗鱼TV.app"; sourceTree = BUILT_PRODUCTS_DIR; };
		88D422161DF1878400BE0D0D /* AppDelegate.swift */ = {isa = PBXFileReference; lastKnownFileType = sourcecode.swift; path = AppDelegate.swift; sourceTree = "<group>"; };
		88D422181DF1878400BE0D0D /* ViewController.swift */ = {isa = PBXFileReference; lastKnownFileType = sourcecode.swift; path = ViewController.swift; sourceTree = "<group>"; };
		88D4221B1DF1878400BE0D0D /* Base */ = {isa = PBXFileReference; lastKnownFileType = file.storyboard; name = Base; path = Base.lproj/Main.storyboard; sourceTree = "<group>"; };
		88D4221D1DF1878400BE0D0D /* Assets.xcassets */ = {isa = PBXFileReference; lastKnownFileType = folder.assetcatalog; path = Assets.xcassets; sourceTree = "<group>"; };
		88D422201DF1878400BE0D0D /* Base */ = {isa = PBXFileReference; lastKnownFileType = file.storyboard; name = Base; path = Base.lproj/LaunchScreen.storyboard; sourceTree = "<group>"; };
		88D422221DF1878400BE0D0D /* Info.plist */ = {isa = PBXFileReference; lastKnownFileType = text.plist.xml; path = Info.plist; sourceTree = "<group>"; };
		88D422271DF1878400BE0D0D /* 高仿斗鱼TVTests.xctest */ = {isa = PBXFileReference; explicitFileType = wrapper.cfbundle; includeInIndex = 0; path = "高仿斗鱼TVTests.xctest"; sourceTree = BUILT_PRODUCTS_DIR; };
		88D4222B1DF1878400BE0D0D /* ____TVTests.swift */ = {isa = PBXFileReference; lastKnownFileType = sourcecode.swift; path = "____TVTests.swift"; sourceTree = "<group>"; };
		88D4222D1DF1878400BE0D0D /* Info.plist */ = {isa = PBXFileReference; lastKnownFileType = text.plist.xml; path = Info.plist; sourceTree = "<group>"; };
		88D422321DF1878400BE0D0D /* 高仿斗鱼TVUITests.xctest */ = {isa = PBXFileReference; explicitFileType = wrapper.cfbundle; includeInIndex = 0; path = "高仿斗鱼TVUITests.xctest"; sourceTree = BUILT_PRODUCTS_DIR; };
		88D422361DF1878400BE0D0D /* ____TVUITests.swift */ = {isa = PBXFileReference; lastKnownFileType = sourcecode.swift; path = "____TVUITests.swift"; sourceTree = "<group>"; };
		88D422381DF1878400BE0D0D /* Info.plist */ = {isa = PBXFileReference; lastKnownFileType = text.plist.xml; path = Info.plist; sourceTree = "<group>"; };
/* End PBXFileReference section */

/* Begin PBXFrameworksBuildPhase section */
		88D422101DF1878300BE0D0D /* Frameworks */ = {
			isa = PBXFrameworksBuildPhase;
			buildActionMask = 2147483647;
			files = (
			);
			runOnlyForDeploymentPostprocessing = 0;
		};
		88D422241DF1878400BE0D0D /* Frameworks */ = {
			isa = PBXFrameworksBuildPhase;
			buildActionMask = 2147483647;
			files = (
			);
			runOnlyForDeploymentPostprocessing = 0;
		};
		88D4222F1DF1878400BE0D0D /* Frameworks */ = {
			isa = PBXFrameworksBuildPhase;
			buildActionMask = 2147483647;
			files = (
			);
			runOnlyForDeploymentPostprocessing = 0;
		};
/* End PBXFrameworksBuildPhase section */

/* Begin PBXGroup section */
		88D4220A1DF1878300BE0D0D = {
			isa = PBXGroup;
			children = (
				88D422151DF1878400BE0D0D /* 高仿斗鱼TV */,
				88D4222A1DF1878400BE0D0D /* 高仿斗鱼TVTests */,
				88D422351DF1878400BE0D0D /* 高仿斗鱼TVUITests */,
				88D422141DF1878400BE0D0D /* Products */,
			);
			sourceTree = "<group>";
		};
		88D422141DF1878400BE0D0D /* Products */ = {
			isa = PBXGroup;
			children = (
				88D422131DF1878400BE0D0D /* 高仿斗鱼TV.app */,
				88D422271DF1878400BE0D0D /* 高仿斗鱼TVTests.xctest */,
				88D422321DF1878400BE0D0D /* 高仿斗鱼TVUITests.xctest */,
			);
			name = Products;
			sourceTree = "<group>";
		};
		88D422151DF1878400BE0D0D /* 高仿斗鱼TV */ = {
			isa = PBXGroup;
			children = (
				88D422161DF1878400BE0D0D /* AppDelegate.swift */,
				88D422181DF1878400BE0D0D /* ViewController.swift */,
				88D4221A1DF1878400BE0D0D /* Main.storyboard */,
				88D4221D1DF1878400BE0D0D /* Assets.xcassets */,
				88D4221F1DF1878400BE0D0D /* LaunchScreen.storyboard */,
				88D422221DF1878400BE0D0D /* Info.plist */,
			);
			path = "高仿斗鱼TV";
			sourceTree = "<group>";
		};
		88D4222A1DF1878400BE0D0D /* 高仿斗鱼TVTests */ = {
			isa = PBXGroup;
			children = (
				88D4222B1DF1878400BE0D0D /* ____TVTests.swift */,
				88D4222D1DF1878400BE0D0D /* Info.plist */,
			);
			path = "高仿斗鱼TVTests";
			sourceTree = "<group>";
		};
		88D422351DF1878400BE0D0D /* 高仿斗鱼TVUITests */ = {
			isa = PBXGroup;
			children = (
				88D422361DF1878400BE0D0D /* ____TVUITests.swift */,
				88D422381DF1878400BE0D0D /* Info.plist */,
			);
			path = "高仿斗鱼TVUITests";
			sourceTree = "<group>";
		};
/* End PBXGroup section */

/* Begin PBXNativeTarget section */
		88D422121DF1878300BE0D0D /* 高仿斗鱼TV */ = {
			isa = PBXNativeTarget;
			buildConfigurationList = 88D4223B1DF1878400BE0D0D /* Build configuration list for PBXNativeTarget "高仿斗鱼TV" */;
			buildPhases = (
				88D4220F1DF1878300BE0D0D /* Sources */,
				88D422101DF1878300BE0D0D /* Frameworks */,
				88D422111DF1878300BE0D0D /* Resources */,
			);
			buildRules = (
			);
			dependencies = (
			);
			name = "高仿斗鱼TV";
			productName = "高仿斗鱼TV";
			productReference = 88D422131DF1878400BE0D0D /* 高仿斗鱼TV.app */;
			productType = "com.apple.product-type.application";
		};
		88D422261DF1878400BE0D0D /* 高仿斗鱼TVTests */ = {
			isa = PBXNativeTarget;
			buildConfigurationList = 88D4223E1DF1878400BE0D0D /* Build configuration list for PBXNativeTarget "高仿斗鱼TVTests" */;
			buildPhases = (
				88D422231DF1878400BE0D0D /* Sources */,
				88D422241DF1878400BE0D0D /* Frameworks */,
				88D422251DF1878400BE0D0D /* Resources */,
			);
			buildRules = (
			);
			dependencies = (
				88D422291DF1878400BE0D0D /* PBXTargetDependency */,
			);
			name = "高仿斗鱼TVTests";
			productName = "高仿斗鱼TVTests";
			productReference = 88D422271DF1878400BE0D0D /* 高仿斗鱼TVTests.xctest */;
			productType = "com.apple.product-type.bundle.unit-test";
		};
		88D422311DF1878400BE0D0D /* 高仿斗鱼TVUITests */ = {
			isa = PBXNativeTarget;
			buildConfigurationList = 88D422411DF1878400BE0D0D /* Build configuration list for PBXNativeTarget "高仿斗鱼TVUITests" */;
			buildPhases = (
				88D4222E1DF1878400BE0D0D /* Sources */,
				88D4222F1DF1878400BE0D0D /* Frameworks */,
				88D422301DF1878400BE0D0D /* Resources */,
			);
			buildRules = (
			);
			dependencies = (
				88D422341DF1878400BE0D0D /* PBXTargetDependency */,
			);
			name = "高仿斗鱼TVUITests";
			productName = "高仿斗鱼TVUITests";
			productReference = 88D422321DF1878400BE0D0D /* 高仿斗鱼TVUITests.xctest */;
			productType = "com.apple.product-type.bundle.ui-testing";
		};
/* End PBXNativeTarget section */

/* Begin PBXProject section */
		88D4220B1DF1878300BE0D0D /* Project object */ = {
			isa = PBXProject;
			attributes = {
				LastSwiftUpdateCheck = 0810;
				LastUpgradeCheck = 0810;
				ORGANIZATIONNAME = "style_施";
				TargetAttributes = {
					88D422121DF1878300BE0D0D = {
						CreatedOnToolsVersion = 8.1;
						DevelopmentTeam = W9L4S6H6B9;
						ProvisioningStyle = Automatic;
					};
					88D422261DF1878400BE0D0D = {
						CreatedOnToolsVersion = 8.1;
						ProvisioningStyle = Automatic;
						TestTargetID = 88D422121DF1878300BE0D0D;
					};
					88D422311DF1878400BE0D0D = {
						CreatedOnToolsVersion = 8.1;
						ProvisioningStyle = Automatic;
						TestTargetID = 88D422121DF1878300BE0D0D;
					};
				};
			};
			buildConfigurationList = 88D4220E1DF1878300BE0D0D /* Build configuration list for PBXProject "高仿斗鱼TV" */;
			compatibilityVersion = "Xcode 3.2";
			developmentRegion = English;
			hasScannedForEncodings = 0;
			knownRegions = (
				en,
				Base,
			);
			mainGroup = 88D4220A1DF1878300BE0D0D;
			productRefGroup = 88D422141DF1878400BE0D0D /* Products */;
			projectDirPath = "";
			projectRoot = "";
			targets = (
				88D422121DF1878300BE0D0D /* 高仿斗鱼TV */,
				88D422261DF1878400BE0D0D /* 高仿斗鱼TVTests */,
				88D422311DF1878400BE0D0D /* 高仿斗鱼TVUITests */,
			);
		};
/* End PBXProject section */

/* Begin PBXResourcesBuildPhase section */
		88D422111DF1878300BE0D0D /* Resources */ = {
			isa = PBXResourcesBuildPhase;
			buildActionMask = 2147483647;
			files = (
				88D422211DF1878400BE0D0D /* LaunchScreen.storyboard in Resources */,
				88D4221E1DF1878400BE0D0D /* Assets.xcassets in Resources */,
				88D4221C1DF1878400BE0D0D /* Main.storyboard in Resources */,
			);
			runOnlyForDeploymentPostprocessing = 0;
		};
		88D422251DF1878400BE0D0D /* Resources */ = {
			isa = PBXResourcesBuildPhase;
			buildActionMask = 2147483647;
			files = (
			);
			runOnlyForDeploymentPostprocessing = 0;
		};
		88D422301DF1878400BE0D0D /* Resources */ = {
			isa = PBXResourcesBuildPhase;
			buildActionMask = 2147483647;
			files = (
			);
			runOnlyForDeploymentPostprocessing = 0;
		};
/* End PBXResourcesBuildPhase section */

/* Begin PBXSourcesBuildPhase section */
		88D4220F1DF1878300BE0D0D /* Sources */ = {
			isa = PBXSourcesBuildPhase;
			buildActionMask = 2147483647;
			files = (
				88D422191DF1878400BE0D0D /* ViewController.swift in Sources */,
				88D422171DF1878400BE0D0D /* AppDelegate.swift in Sources */,
			);
			runOnlyForDeploymentPostprocessing = 0;
		};
		88D422231DF1878400BE0D0D /* Sources */ = {
			isa = PBXSourcesBuildPhase;
			buildActionMask = 2147483647;
			files = (
				88D4222C1DF1878400BE0D0D /* ____TVTests.swift in Sources */,
			);
			runOnlyForDeploymentPostprocessing = 0;
		};
		88D4222E1DF1878400BE0D0D /* Sources */ = {
			isa = PBXSourcesBuildPhase;
			buildActionMask = 2147483647;
			files = (
				88D422371DF1878400BE0D0D /* ____TVUITests.swift in Sources */,
			);
			runOnlyForDeploymentPostprocessing = 0;
		};
/* End PBXSourcesBuildPhase section */

/* Begin PBXTargetDependency section */
		88D422291DF1878400BE0D0D /* PBXTargetDependency */ = {
			isa = PBXTargetDependency;
			target = 88D422121DF1878300BE0D0D /* 高仿斗鱼TV */;
			targetProxy = 88D422281DF1878400BE0D0D /* PBXContainerItemProxy */;
		};
		88D422341DF1878400BE0D0D /* PBXTargetDependency */ = {
			isa = PBXTargetDependency;
			target = 88D422121DF1878300BE0D0D /* 高仿斗鱼TV */;
			targetProxy = 88D422331DF1878400BE0D0D /* PBXContainerItemProxy */;
		};
/* End PBXTargetDependency section */

/* Begin PBXVariantGroup section */
		88D4221A1DF1878400BE0D0D /* Main.storyboard */ = {
			isa = PBXVariantGroup;
			children = (
				88D4221B1DF1878400BE0D0D /* Base */,
			);
			name = Main.storyboard;
			sourceTree = "<group>";
		};
		88D4221F1DF1878400BE0D0D /* LaunchScreen.storyboard */ = {
			isa = PBXVariantGroup;
			children = (
				88D422201DF1878400BE0D0D /* Base */,
			);
			name = LaunchScreen.storyboard;
			sourceTree = "<group>";
		};
/* End PBXVariantGroup section */

/* Begin XCBuildConfiguration section */
		88D422391DF1878400BE0D0D /* Debug */ = {
			isa = XCBuildConfiguration;
			buildSettings = {
				ALWAYS_SEARCH_USER_PATHS = NO;
				CLANG_ANALYZER_NONNULL = YES;
				CLANG_CXX_LANGUAGE_STANDARD = "gnu++0x";
				CLANG_CXX_LIBRARY = "libc++";
				CLANG_ENABLE_MODULES = YES;
				CLANG_ENABLE_OBJC_ARC = YES;
				CLANG_WARN_BOOL_CONVERSION = YES;
				CLANG_WARN_CONSTANT_CONVERSION = YES;
				CLANG_WARN_DIRECT_OBJC_ISA_USAGE = YES_ERROR;
				CLANG_WARN_DOCUMENTATION_COMMENTS = YES;
				CLANG_WARN_EMPTY_BODY = YES;
				CLANG_WARN_ENUM_CONVERSION = YES;
				CLANG_WARN_INFINITE_RECURSION = YES;
				CLANG_WARN_INT_CONVERSION = YES;
				CLANG_WARN_OBJC_ROOT_CLASS = YES_ERROR;
				CLANG_WARN_SUSPICIOUS_MOVES = YES;
				CLANG_WARN_UNREACHABLE_CODE = YES;
				CLANG_WARN__DUPLICATE_METHOD_MATCH = YES;
				"CODE_SIGN_IDENTITY[sdk=iphoneos*]" = "iPhone Developer";
				COPY_PHASE_STRIP = NO;
				DEBUG_INFORMATION_FORMAT = dwarf;
				ENABLE_STRICT_OBJC_MSGSEND = YES;
				ENABLE_TESTABILITY = YES;
				GCC_C_LANGUAGE_STANDARD = gnu99;
				GCC_DYNAMIC_NO_PIC = NO;
				GCC_NO_COMMON_BLOCKS = YES;
				GCC_OPTIMIZATION_LEVEL = 0;
				GCC_PREPROCESSOR_DEFINITIONS = (
					"DEBUG=1",
					"$(inherited)",
				);
				GCC_WARN_64_TO_32_BIT_CONVERSION = YES;
				GCC_WARN_ABOUT_RETURN_TYPE = YES_ERROR;
				GCC_WARN_UNDECLARED_SELECTOR = YES;
				GCC_WARN_UNINITIALIZED_AUTOS = YES_AGGRESSIVE;
				GCC_WARN_UNUSED_FUNCTION = YES;
				GCC_WARN_UNUSED_VARIABLE = YES;
				IPHONEOS_DEPLOYMENT_TARGET = 10.1;
				MTL_ENABLE_DEBUG_INFO = YES;
				ONLY_ACTIVE_ARCH = YES;
				SDKROOT = iphoneos;
				SWIFT_ACTIVE_COMPILATION_CONDITIONS = DEBUG;
				SWIFT_OPTIMIZATION_LEVEL = "-Onone";
				TARGETED_DEVICE_FAMILY = "1,2";
			};
			name = Debug;
		};
		88D4223A1DF1878400BE0D0D /* Release */ = {
			isa = XCBuildConfiguration;
			buildSettings = {
				ALWAYS_SEARCH_USER_PATHS = NO;
				CLANG_ANALYZER_NONNULL = YES;
				CLANG_CXX_LANGUAGE_STANDARD = "gnu++0x";
				CLANG_CXX_LIBRARY = "libc++";
				CLANG_ENABLE_MODULES = YES;
				CLANG_ENABLE_OBJC_ARC = YES;
				CLANG_WARN_BOOL_CONVERSION = YES;
				CLANG_WARN_CONSTANT_CONVERSION = YES;
				CLANG_WARN_DIRECT_OBJC_ISA_USAGE = YES_ERROR;
				CLANG_WARN_DOCUMENTATION_COMMENTS = YES;
				CLANG_WARN_EMPTY_BODY = YES;
				CLANG_WARN_ENUM_CONVERSION = YES;
				CLANG_WARN_INFINITE_RECURSION = YES;
				CLANG_WARN_INT_CONVERSION = YES;
				CLANG_WARN_OBJC_ROOT_CLASS = YES_ERROR;
				CLANG_WARN_SUSPICIOUS_MOVES = YES;
				CLANG_WARN_UNREACHABLE_CODE = YES;
				CLANG_WARN__DUPLICATE_METHOD_MATCH = YES;
				"CODE_SIGN_IDENTITY[sdk=iphoneos*]" = "iPhone Developer";
				COPY_PHASE_STRIP = NO;
				DEBUG_INFORMATION_FORMAT = "dwarf-with-dsym";
				ENABLE_NS_ASSERTIONS = NO;
				ENABLE_STRICT_OBJC_MSGSEND = YES;
				GCC_C_LANGUAGE_STANDARD = gnu99;
				GCC_NO_COMMON_BLOCKS = YES;
				GCC_WARN_64_TO_32_BIT_CONVERSION = YES;
				GCC_WARN_ABOUT_RETURN_TYPE = YES_ERROR;
				GCC_WARN_UNDECLARED_SELECTOR = YES;
				GCC_WARN_UNINITIALIZED_AUTOS = YES_AGGRESSIVE;
				GCC_WARN_UNUSED_FUNCTION = YES;
				GCC_WARN_UNUSED_VARIABLE = YES;
				IPHONEOS_DEPLOYMENT_TARGET = 10.1;
				MTL_ENABLE_DEBUG_INFO = NO;
				SDKROOT = iphoneos;
				SWIFT_OPTIMIZATION_LEVEL = "-Owholemodule";
				TARGETED_DEVICE_FAMILY = "1,2";
				VALIDATE_PRODUCT = YES;
			};
			name = Release;
		};
		88D4223C1DF1878400BE0D0D /* Debug */ = {
			isa = XCBuildConfiguration;
			buildSettings = {
				ASSETCATALOG_COMPILER_APPICON_NAME = AppIcon;
				DEVELOPMENT_TEAM = W9L4S6H6B9;
				INFOPLIST_FILE = "高仿斗鱼TV/Info.plist";
				IPHONEOS_DEPLOYMENT_TARGET = 9.3;
				LD_RUNPATH_SEARCH_PATHS = "$(inherited) @executable_path/Frameworks";
				PRODUCT_BUNDLE_IDENTIFIER = "Max-Shi.----TV";
				PRODUCT_NAME = "$(TARGET_NAME)";
				SWIFT_VERSION = 3.0;
			};
			name = Debug;
		};
		88D4223D1DF1878400BE0D0D /* Release */ = {
			isa = XCBuildConfiguration;
			buildSettings = {
				ASSETCATALOG_COMPILER_APPICON_NAME = AppIcon;
				DEVELOPMENT_TEAM = W9L4S6H6B9;
				INFOPLIST_FILE = "高仿斗鱼TV/Info.plist";
				IPHONEOS_DEPLOYMENT_TARGET = 9.3;
				LD_RUNPATH_SEARCH_PATHS = "$(inherited) @executable_path/Frameworks";
				PRODUCT_BUNDLE_IDENTIFIER = "Max-Shi.----TV";
				PRODUCT_NAME = "$(TARGET_NAME)";
				SWIFT_VERSION = 3.0;
			};
			name = Release;
		};
		88D4223F1DF1878400BE0D0D /* Debug */ = {
			isa = XCBuildConfiguration;
			buildSettings = {
				ALWAYS_EMBED_SWIFT_STANDARD_LIBRARIES = YES;
				BUNDLE_LOADER = "$(TEST_HOST)";
				INFOPLIST_FILE = "高仿斗鱼TVTests/Info.plist";
				LD_RUNPATH_SEARCH_PATHS = "$(inherited) @executable_path/Frameworks @loader_path/Frameworks";
				PRODUCT_BUNDLE_IDENTIFIER = "Max-Shi.----TVTests";
				PRODUCT_NAME = "$(TARGET_NAME)";
				SWIFT_VERSION = 3.0;
				TEST_HOST = "$(BUILT_PRODUCTS_DIR)/高仿斗鱼TV.app/高仿斗鱼TV";
			};
			name = Debug;
		};
		88D422401DF1878400BE0D0D /* Release */ = {
			isa = XCBuildConfiguration;
			buildSettings = {
				ALWAYS_EMBED_SWIFT_STANDARD_LIBRARIES = YES;
				BUNDLE_LOADER = "$(TEST_HOST)";
				INFOPLIST_FILE = "高仿斗鱼TVTests/Info.plist";
				LD_RUNPATH_SEARCH_PATHS = "$(inherited) @executable_path/Frameworks @loader_path/Frameworks";
				PRODUCT_BUNDLE_IDENTIFIER = "Max-Shi.----TVTests";
				PRODUCT_NAME = "$(TARGET_NAME)";
				SWIFT_VERSION = 3.0;
				TEST_HOST = "$(BUILT_PRODUCTS_DIR)/高仿斗鱼TV.app/高仿斗鱼TV";
			};
			name = Release;
		};
		88D422421DF1878400BE0D0D /* Debug */ = {
			isa = XCBuildConfiguration;
			buildSettings = {
				ALWAYS_EMBED_SWIFT_STANDARD_LIBRARIES = YES;
				INFOPLIST_FILE = "高仿斗鱼TVUITests/Info.plist";
				LD_RUNPATH_SEARCH_PATHS = "$(inherited) @executable_path/Frameworks @loader_path/Frameworks";
				PRODUCT_BUNDLE_IDENTIFIER = "Max-Shi.----TVUITests";
				PRODUCT_NAME = "$(TARGET_NAME)";
				SWIFT_VERSION = 3.0;
				TEST_TARGET_NAME = "高仿斗鱼TV";
			};
			name = Debug;
		};
		88D422431DF1878400BE0D0D /* Release */ = {
			isa = XCBuildConfiguration;
			buildSettings = {
				ALWAYS_EMBED_SWIFT_STANDARD_LIBRARIES = YES;
				INFOPLIST_FILE = "高仿斗鱼TVUITests/Info.plist";
				LD_RUNPATH_SEARCH_PATHS = "$(inherited) @executable_path/Frameworks @loader_path/Frameworks";
				PRODUCT_BUNDLE_IDENTIFIER = "Max-Shi.----TVUITests";
				PRODUCT_NAME = "$(TARGET_NAME)";
				SWIFT_VERSION = 3.0;
				TEST_TARGET_NAME = "高仿斗鱼TV";
			};
			name = Release;
		};
/* End XCBuildConfiguration section */

/* Begin XCConfigurationList section */
		88D4220E1DF1878300BE0D0D /* Build configuration list for PBXProject "高仿斗鱼TV" */ = {
			isa = XCConfigurationList;
			buildConfigurations = (
				88D422391DF1878400BE0D0D /* Debug */,
				88D4223A1DF1878400BE0D0D /* Release */,
			);
			defaultConfigurationIsVisible = 0;
			defaultConfigurationName = Release;
		};
		88D4223B1DF1878400BE0D0D /* Build configuration list for PBXNativeTarget "高仿斗鱼TV" */ = {
			isa = XCConfigurationList;
			buildConfigurations = (
				88D4223C1DF1878400BE0D0D /* Debug */,
				88D4223D1DF1878400BE0D0D /* Release */,
			);
			defaultConfigurationIsVisible = 0;
		};
		88D4223E1DF1878400BE0D0D /* Build configuration list for PBXNativeTarget "高仿斗鱼TVTests" */ = {
			isa = XCConfigurationList;
			buildConfigurations = (
				88D4223F1DF1878400BE0D0D /* Debug */,
				88D422401DF1878400BE0D0D /* Release */,
			);
			defaultConfigurationIsVisible = 0;
		};
		88D422411DF1878400BE0D0D /* Build configuration list for PBXNativeTarget "高仿斗鱼TVUITests" */ = {
			isa = XCConfigurationList;
			buildConfigurations = (
				88D422421DF1878400BE0D0D /* Debug */,
				88D422431DF1878400BE0D0D /* Release */,
			);
			defaultConfigurationIsVisible = 0;
		};
/* End XCConfigurationList section */
	};
	rootObject = 88D4220B1DF1878300BE0D0D /* Project object */;
}
